
Microsoft Visual Studio Solution File, Format Version 12.00
# Visual Studio Version 17
VisualStudioVersion = 17.0.31903.59
MinimumVisualStudioVersion = 10.0.40219.1
Project("{FAE04EC0-301F-11D3-BF4B-00C04F79EFBC}") = "MyFirstAzure.WebApp", "MyFirstAzure.WebApp\MyFirstAzure.WebApp.csproj", "{F236F8EE-B7FD-424B-AA2F-9FDDB39278B4}"
EndProject
Project("{FAE04EC0-301F-11D3-BF4B-00C04F79EFBC}") = "MyFirstAzure.ApiApp", "..\backend\MyFirstAzure.ApiApp\MyFirstAzure.ApiApp.csproj", "{8F8082AB-9B73-4DF2-826E-DA35392BE356}"
EndProject
Global
	GlobalSection(SolutionConfigurationPlatforms) = preSolution
		Debug|Any CPU = Debug|Any CPU
		Release|Any CPU = Release|Any CPU
	EndGlobalSection
	GlobalSection(SolutionProperties) = preSolution
		HideSolutionNode = FALSE
	EndGlobalSection
	GlobalSection(ProjectConfigurationPlatforms) = postSolution
		{F236F8EE-B7FD-424B-AA2F-9FDDB39278B4}.Debug|Any CPU.ActiveCfg = Debug|Any CPU
		{F236F8EE-B7FD-424B-AA2F-9FDDB39278B4}.Debug|Any CPU.Build.0 = Debug|Any CPU
		{F236F8EE-B7FD-424B-AA2F-9FDDB39278B4}.Release|Any CPU.ActiveCfg = Release|Any CPU
		{F236F8EE-B7FD-424B-AA2F-9FDDB39278B4}.Release|Any CPU.Build.0 = Release|Any CPU
		{8F8082AB-9B73-4DF2-826E-DA35392BE356}.Debug|Any CPU.ActiveCfg = Debug|Any CPU
		{8F8082AB-9B73-4DF2-826E-DA35392BE356}.Debug|Any CPU.Build.0 = Debug|Any CPU
		{8F8082AB-9B73-4DF2-826E-DA35392BE356}.Release|Any CPU.ActiveCfg = Release|Any CPU
		{8F8082AB-9B73-4DF2-826E-DA35392BE356}.Release|Any CPU.Build.0 = Release|Any CPU
	EndGlobalSection
EndGlobal
